
Microsoft Visual Studio Solution File, Format Version 11.00
# Visual Studio 2010
Project("{FAE04EC0-301F-11D3-BF4B-00C04F79EFBC}") = "GUI", "GUI\GUI.csproj", "{2BEC990E-AFE2-4014-9F8A-690FA6355638}"
EndProject
Project("{FAE04EC0-301F-11D3-BF4B-00C04F79EFBC}") = "DAL", "DAL\DAL.csproj", "{B66660BC-0EB1-48F9-BBBB-30A6048F7F84}"
EndProject
Project("{FAE04EC0-301F-11D3-BF4B-00C04F79EFBC}") = "BUS", "BUS\BUS.csproj", "{DE756403-86CE-4F7E-953A-A4B2336C66B8}"
EndProject
Project("{FAE04EC0-301F-11D3-BF4B-00C04F79EFBC}") = "test2", "test2\test2.csproj", "{94FDFAA0-A70A-4C59-AECD-5C2D79495920}"
EndProject
Project("{FAE04EC0-301F-11D3-BF4B-00C04F79EFBC}") = "test3", "test3\test3.csproj", "{98243FBF-E0A3-4F35-9B15-606C1F0D82C0}"
EndProject
Global
	GlobalSection(SolutionConfigurationPlatforms) = preSolution
		Debug|Any CPU = Debug|Any CPU
		Debug|Mixed Platforms = Debug|Mixed Platforms
		Debug|x86 = Debug|x86
		Release|Any CPU = Release|Any CPU
		Release|Mixed Platforms = Release|Mixed Platforms
		Release|x86 = Release|x86
	EndGlobalSection
	GlobalSection(ProjectConfigurationPlatforms) = postSolution
		{2BEC990E-AFE2-4014-9F8A-690FA6355638}.Debug|Any CPU.ActiveCfg = Debug|x86
		{2BEC990E-AFE2-4014-9F8A-690FA6355638}.Debug|Mixed Platforms.ActiveCfg = Debug|x86
		{2BEC990E-AFE2-4014-9F8A-690FA6355638}.Debug|Mixed Platforms.Build.0 = Debug|x86
		{2BEC990E-AFE2-4014-9F8A-690FA6355638}.Debug|x86.ActiveCfg = Debug|x86
		{2BEC990E-AFE2-4014-9F8A-690FA6355638}.Debug|x86.Build.0 = Debug|x86
		{2BEC990E-AFE2-4014-9F8A-690FA6355638}.Release|Any CPU.ActiveCfg = Release|x86
		{2BEC990E-AFE2-4014-9F8A-690FA6355638}.Release|Mixed Platforms.ActiveCfg = Release|x86
		{2BEC990E-AFE2-4014-9F8A-690FA6355638}.Release|Mixed Platforms.Build.0 = Release|x86
		{2BEC990E-AFE2-4014-9F8A-690FA6355638}.Release|x86.ActiveCfg = Release|x86
		{2BEC990E-AFE2-4014-9F8A-690FA6355638}.Release|x86.Build.0 = Release|x86
		{B66660BC-0EB1-48F9-BBBB-30A6048F7F84}.Debug|Any CPU.ActiveCfg = Debug|Any CPU
		{B66660BC-0EB1-48F9-BBBB-30A6048F7F84}.Debug|Any CPU.Build.0 = Debug|Any CPU
		{B66660BC-0EB1-48F9-BBBB-30A6048F7F84}.Debug|Mixed Platforms.ActiveCfg = Debug|Any CPU
		{B66660BC-0EB1-48F9-BBBB-30A6048F7F84}.Debug|Mixed Platforms.Build.0 = Debug|Any CPU
		{B66660BC-0EB1-48F9-BBBB-30A6048F7F84}.Debug|x86.ActiveCfg = Debug|Any CPU
		{B66660BC-0EB1-48F9-BBBB-30A6048F7F84}.Release|Any CPU.ActiveCfg = Release|Any CPU
		{B66660BC-0EB1-48F9-BBBB-30A6048F7F84}.Release|Any CPU.Build.0 = Release|Any CPU
		{B66660BC-0EB1-48F9-BBBB-30A6048F7F84}.Release|Mixed Platforms.ActiveCfg = Release|Any CPU
		{B66660BC-0EB1-48F9-BBBB-30A6048F7F84}.Release|Mixed Platforms.Build.0 = Release|Any CPU
		{B66660BC-0EB1-48F9-BBBB-30A6048F7F84}.Release|x86.ActiveCfg = Release|Any CPU
		{DE756403-86CE-4F7E-953A-A4B2336C66B8}.Debug|Any CPU.ActiveCfg = Debug|Any CPU
		{DE756403-86CE-4F7E-953A-A4B2336C66B8}.Debug|Any CPU.Build.0 = Debug|Any CPU
		{DE756403-86CE-4F7E-953A-A4B2336C66B8}.Debug|Mixed Platforms.ActiveCfg = Debug|Any CPU
		{DE756403-86CE-4F7E-953A-A4B2336C66B8}.Debug|Mixed Platforms.Build.0 = Debug|Any CPU
		{DE756403-86CE-4F7E-953A-A4B2336C66B8}.Debug|x86.ActiveCfg = Debug|Any CPU
		{DE756403-86CE-4F7E-953A-A4B2336C66B8}.Release|Any CPU.ActiveCfg = Release|Any CPU
		{DE756403-86CE-4F7E-953A-A4B2336C66B8}.Release|Any CPU.Build.0 = Release|Any CPU
		{DE756403-86CE-4F7E-953A-A4B2336C66B8}.Release|Mixed Platforms.ActiveCfg = Release|Any CPU
		{DE756403-86CE-4F7E-953A-A4B2336C66B8}.Release|Mixed Platforms.Build.0 = Release|Any CPU
		{DE756403-86CE-4F7E-953A-A4B2336C66B8}.Release|x86.ActiveCfg = Release|Any CPU
		{94FDFAA0-A70A-4C59-AECD-5C2D79495920}.Debug|Any CPU.ActiveCfg = Debug|x86
		{94FDFAA0-A70A-4C59-AECD-5C2D79495920}.Debug|Mixed Platforms.ActiveCfg = Debug|x86
		{94FDFAA0-A70A-4C59-AECD-5C2D79495920}.Debug|Mixed Platforms.Build.0 = Debug|x86
		{94FDFAA0-A70A-4C59-AECD-5C2D79495920}.Debug|x86.ActiveCfg = Debug|x86
		{94FDFAA0-A70A-4C59-AECD-5C2D79495920}.Debug|x86.Build.0 = Debug|x86
		{94FDFAA0-A70A-4C59-AECD-5C2D79495920}.Release|Any CPU.ActiveCfg = Release|x86
		{94FDFAA0-A70A-4C59-AECD-5C2D79495920}.Release|Mixed Platforms.ActiveCfg = Release|x86
		{94FDFAA0-A70A-4C59-AECD-5C2D79495920}.Release|Mixed Platforms.Build.0 = Release|x86
		{94FDFAA0-A70A-4C59-AECD-5C2D79495920}.Release|x86.ActiveCfg = Release|x86
		{94FDFAA0-A70A-4C59-AECD-5C2D79495920}.Release|x86.Build.0 = Release|x86
		{98243FBF-E0A3-4F35-9B15-606C1F0D82C0}.Debug|Any CPU.ActiveCfg = Debug|x86
		{98243FBF-E0A3-4F35-9B15-606C1F0D82C0}.Debug|Mixed Platforms.ActiveCfg = Debug|x86
		{98243FBF-E0A3-4F35-9B15-606C1F0D82C0}.Debug|Mixed Platforms.Build.0 = Debug|x86
		{98243FBF-E0A3-4F35-9B15-606C1F0D82C0}.Debug|x86.ActiveCfg = Debug|x86
		{98243FBF-E0A3-4F35-9B15-606C1F0D82C0}.Debug|x86.Build.0 = Debug|x86
		{98243FBF-E0A3-4F35-9B15-606C1F0D82C0}.Release|Any CPU.ActiveCfg = Release|x86
		{98243FBF-E0A3-4F35-9B15-606C1F0D82C0}.Release|Mixed Platforms.ActiveCfg = Release|x86
		{98243FBF-E0A3-4F35-9B15-606C1F0D82C0}.Release|Mixed Platforms.Build.0 = Release|x86
		{98243FBF-E0A3-4F35-9B15-606C1F0D82C0}.Release|x86.ActiveCfg = Release|x86
		{98243FBF-E0A3-4F35-9B15-606C1F0D82C0}.Release|x86.Build.0 = Release|x86
	EndGlobalSection
	GlobalSection(SolutionProperties) = preSolution
		HideSolutionNode = FALSE
	EndGlobalSection
EndGlobal
